
Microsoft Visual Studio Solution File, Format Version 12.00
# Visual Studio Version 16
VisualStudioVersion = 16.0.29411.108
MinimumVisualStudioVersion = 10.0.40219.1
Project("{9A19103F-16F7-4668-BE54-9A1E7A4F7556}") = "Kirov.Prism.Abstrictions", "Kirov.Prism.Abstrictions\Kirov.Prism.Abstrictions.csproj", "{1DC436BD-C465-4948-95D7-153838DE3032}"
EndProject
Project("{9A19103F-16F7-4668-BE54-9A1E7A4F7556}") = "Kirov.Prism.Dapper.MySQL", "Kirov.Prism.Dapper.MySQL\Kirov.Prism.Dapper.MySQL.csproj", "{D9C4FFE5-BC6D-4E35-8CAB-05591B8DB3B4}"
EndProject
Project("{9A19103F-16F7-4668-BE54-9A1E7A4F7556}") = "Kirov.Prism.Dapper.SQLServer", "Kirov.Prism.Dapper.SQLServer\Kirov.Prism.Dapper.SQLServer.csproj", "{4FE00D53-E51B-4C3F-8A5E-D785AAD30BD8}"
EndProject
Global
	GlobalSection(SolutionConfigurationPlatforms) = preSolution
		Debug|Any CPU = Debug|Any CPU
		Release|Any CPU = Release|Any CPU
	EndGlobalSection
	GlobalSection(ProjectConfigurationPlatforms) = postSolution
		{1DC436BD-C465-4948-95D7-153838DE3032}.Debug|Any CPU.ActiveCfg = Debug|Any CPU
		{1DC436BD-C465-4948-95D7-153838DE3032}.Debug|Any CPU.Build.0 = Debug|Any CPU
		{1DC436BD-C465-4948-95D7-153838DE3032}.Release|Any CPU.ActiveCfg = Release|Any CPU
		{1DC436BD-C465-4948-95D7-153838DE3032}.Release|Any CPU.Build.0 = Release|Any CPU
		{D9C4FFE5-BC6D-4E35-8CAB-05591B8DB3B4}.Debug|Any CPU.ActiveCfg = Debug|Any CPU
		{D9C4FFE5-BC6D-4E35-8CAB-05591B8DB3B4}.Debug|Any CPU.Build.0 = Debug|Any CPU
		{D9C4FFE5-BC6D-4E35-8CAB-05591B8DB3B4}.Release|Any CPU.ActiveCfg = Release|Any CPU
		{D9C4FFE5-BC6D-4E35-8CAB-05591B8DB3B4}.Release|Any CPU.Build.0 = Release|Any CPU
		{4FE00D53-E51B-4C3F-8A5E-D785AAD30BD8}.Debug|Any CPU.ActiveCfg = Debug|Any CPU
		{4FE00D53-E51B-4C3F-8A5E-D785AAD30BD8}.Debug|Any CPU.Build.0 = Debug|Any CPU
		{4FE00D53-E51B-4C3F-8A5E-D785AAD30BD8}.Release|Any CPU.ActiveCfg = Release|Any CPU
		{4FE00D53-E51B-4C3F-8A5E-D785AAD30BD8}.Release|Any CPU.Build.0 = Release|Any CPU
	EndGlobalSection
	GlobalSection(SolutionProperties) = preSolution
		HideSolutionNode = FALSE
	EndGlobalSection
	GlobalSection(ExtensibilityGlobals) = postSolution
		SolutionGuid = {81280307-4BA5-4768-B677-230D5397659C}
	EndGlobalSection
EndGlobal
